
Microsoft Visual Studio Solution File, Format Version 12.00
# Visual Studio Version 17
VisualStudioVersion = 17.8.34316.72
MinimumVisualStudioVersion = 10.0.40219.1
Project("{FAE04EC0-301F-11D3-BF4B-00C04F79EFBC}") = "HW8", "HW8\HW8.csproj", "{DE4B8235-DBF4-431A-AEAF-0BF44B4E9E0B}"
EndProject
Global
	GlobalSection(SolutionConfigurationPlatforms) = preSolution
		Debug|Any CPU = Debug|Any CPU
		Release|Any CPU = Release|Any CPU
	EndGlobalSection
	GlobalSection(ProjectConfigurationPlatforms) = postSolution
		{DE4B8235-DBF4-431A-AEAF-0BF44B4E9E0B}.Debug|Any CPU.ActiveCfg = Debug|Any CPU
		{DE4B8235-DBF4-431A-AEAF-0BF44B4E9E0B}.Debug|Any CPU.Build.0 = Debug|Any CPU
		{DE4B8235-DBF4-431A-AEAF-0BF44B4E9E0B}.Release|Any CPU.ActiveCfg = Release|Any CPU
		{DE4B8235-DBF4-431A-AEAF-0BF44B4E9E0B}.Release|Any CPU.Build.0 = Release|Any CPU
	EndGlobalSection
	GlobalSection(SolutionProperties) = preSolution
		HideSolutionNode = FALSE
	EndGlobalSection
	GlobalSection(ExtensibilityGlobals) = postSolution
		SolutionGuid = {C6FE70FB-8734-4DA6-8A29-3FF5705799B6}
	EndGlobalSection
EndGlobal
